// !$*UTF8*$!
{
	archiveVersion = 1;
	classes = {
	};
	objectVersion = 46;
	objects = {

/* Begin PBXBuildFile section */
		B49C766F1DEFEA84008B353B /* main.m in Sources */ = {isa = PBXBuildFile; fileRef = B49C766E1DEFEA84008B353B /* main.m */; };
		B49C76721DEFEA84008B353B /* AppDelegate.m in Sources */ = {isa = PBXBuildFile; fileRef = B49C76711DEFEA84008B353B /* AppDelegate.m */; };
		B49C76751DEFEA84008B353B /* ViewController.m in Sources */ = {isa = PBXBuildFile; fileRef = B49C76741DEFEA84008B353B /* ViewController.m */; };
		B49C76781DEFEA84008B353B /* Main.storyboard in Resources */ = {isa = PBXBuildFile; fileRef = B49C76761DEFEA84008B353B /* Main.storyboard */; };
		B49C767A1DEFEA84008B353B /* Assets.xcassets in Resources */ = {isa = PBXBuildFile; fileRef = B49C76791DEFEA84008B353B /* Assets.xcassets */; };
		B49C767D1DEFEA84008B353B /* LaunchScreen.storyboard in Resources */ = {isa = PBXBuildFile; fileRef = B49C767B1DEFEA84008B353B /* LaunchScreen.storyboard */; };
		B49C76881DEFEA85008B353B /* TagViewDemoTests.m in Sources */ = {isa = PBXBuildFile; fileRef = B49C76871DEFEA85008B353B /* TagViewDemoTests.m */; };
		B49C76931DEFEA85008B353B /* TagViewDemoUITests.m in Sources */ = {isa = PBXBuildFile; fileRef = B49C76921DEFEA85008B353B /* TagViewDemoUITests.m */; };
		B49C76A21DEFF2C0008B353B /* TagCell.m in Sources */ = {isa = PBXBuildFile; fileRef = B49C76A11DEFF2C0008B353B /* TagCell.m */; };
/* End PBXBuildFile section */

/* Begin PBXContainerItemProxy section */
		B49C76841DEFEA85008B353B /* PBXContainerItemProxy */ = {
			isa = PBXContainerItemProxy;
			containerPortal = B49C76621DEFEA84008B353B /* Project object */;
			proxyType = 1;
			remoteGlobalIDString = B49C76691DEFEA84008B353B;
			remoteInfo = TagViewDemo;
		};
		B49C768F1DEFEA85008B353B /* PBXContainerItemProxy */ = {
			isa = PBXContainerItemProxy;
			containerPortal = B49C76621DEFEA84008B353B /* Project object */;
			proxyType = 1;
			remoteGlobalIDString = B49C76691DEFEA84008B353B;
			remoteInfo = TagViewDemo;
		};
/* End PBXContainerItemProxy section */

/* Begin PBXFileReference section */
		B49C766A1DEFEA84008B353B /* TagViewDemo.app */ = {isa = PBXFileReference; explicitFileType = wrapper.application; includeInIndex = 0; path = TagViewDemo.app; sourceTree = BUILT_PRODUCTS_DIR; };
		B49C766E1DEFEA84008B353B /* main.m */ = {isa = PBXFileReference; lastKnownFileType = sourcecode.c.objc; path = main.m; sourceTree = "<group>"; };
		B49C76701DEFEA84008B353B /* AppDelegate.h */ = {isa = PBXFileReference; lastKnownFileType = sourcecode.c.h; path = AppDelegate.h; sourceTree = "<group>"; };
		B49C76711DEFEA84008B353B /* AppDelegate.m */ = {isa = PBXFileReference; lastKnownFileType = sourcecode.c.objc; path = AppDelegate.m; sourceTree = "<group>"; };
		B49C76731DEFEA84008B353B /* ViewController.h */ = {isa = PBXFileReference; lastKnownFileType = sourcecode.c.h; path = ViewController.h; sourceTree = "<group>"; };
		B49C76741DEFEA84008B353B /* ViewController.m */ = {isa = PBXFileReference; lastKnownFileType = sourcecode.c.objc; path = ViewController.m; sourceTree = "<group>"; };
		B49C76771DEFEA84008B353B /* Base */ = {isa = PBXFileReference; lastKnownFileType = file.storyboard; name = Base; path = Base.lproj/Main.storyboard; sourceTree = "<group>"; };
		B49C76791DEFEA84008B353B /* Assets.xcassets */ = {isa = PBXFileReference; lastKnownFileType = folder.assetcatalog; path = Assets.xcassets; sourceTree = "<group>"; };
		B49C767C1DEFEA84008B353B /* Base */ = {isa = PBXFileReference; lastKnownFileType = file.storyboard; name = Base; path = Base.lproj/LaunchScreen.storyboard; sourceTree = "<group>"; };
		B49C767E1DEFEA84008B353B /* Info.plist */ = {isa = PBXFileReference; lastKnownFileType = text.plist.xml; path = Info.plist; sourceTree = "<group>"; };
		B49C76831DEFEA85008B353B /* TagViewDemoTests.xctest */ = {isa = PBXFileReference; explicitFileType = wrapper.cfbundle; includeInIndex = 0; path = TagViewDemoTests.xctest; sourceTree = BUILT_PRODUCTS_DIR; };
		B49C76871DEFEA85008B353B /* TagViewDemoTests.m */ = {isa = PBXFileReference; lastKnownFileType = sourcecode.c.objc; path = TagViewDemoTests.m; sourceTree = "<group>"; };
		B49C76891DEFEA85008B353B /* Info.plist */ = {isa = PBXFileReference; lastKnownFileType = text.plist.xml; path = Info.plist; sourceTree = "<group>"; };
		B49C768E1DEFEA85008B353B /* TagViewDemoUITests.xctest */ = {isa = PBXFileReference; explicitFileType = wrapper.cfbundle; includeInIndex = 0; path = TagViewDemoUITests.xctest; sourceTree = BUILT_PRODUCTS_DIR; };
		B49C76921DEFEA85008B353B /* TagViewDemoUITests.m */ = {isa = PBXFileReference; lastKnownFileType = sourcecode.c.objc; path = TagViewDemoUITests.m; sourceTree = "<group>"; };
		B49C76941DEFEA85008B353B /* Info.plist */ = {isa = PBXFileReference; lastKnownFileType = text.plist.xml; path = Info.plist; sourceTree = "<group>"; };
		B49C76A01DEFF2C0008B353B /* TagCell.h */ = {isa = PBXFileReference; fileEncoding = 4; lastKnownFileType = sourcecode.c.h; path = TagCell.h; sourceTree = "<group>"; };
		B49C76A11DEFF2C0008B353B /* TagCell.m */ = {isa = PBXFileReference; fileEncoding = 4; lastKnownFileType = sourcecode.c.objc; path = TagCell.m; sourceTree = "<group>"; };
/* End PBXFileReference section */

/* Begin PBXFrameworksBuildPhase section */
		B49C76671DEFEA84008B353B /* Frameworks */ = {
			isa = PBXFrameworksBuildPhase;
			buildActionMask = 2147483647;
			files = (
			);
			runOnlyForDeploymentPostprocessing = 0;
		};
		B49C76801DEFEA85008B353B /* Frameworks */ = {
			isa = PBXFrameworksBuildPhase;
			buildActionMask = 2147483647;
			files = (
			);
			runOnlyForDeploymentPostprocessing = 0;
		};
		B49C768B1DEFEA85008B353B /* Frameworks */ = {
			isa = PBXFrameworksBuildPhase;
			buildActionMask = 2147483647;
			files = (
			);
			runOnlyForDeploymentPostprocessing = 0;
		};
/* End PBXFrameworksBuildPhase section */

/* Begin PBXGroup section */
		B49C76611DEFEA84008B353B = {
			isa = PBXGroup;
			children = (
				B49C766C1DEFEA84008B353B /* TagViewDemo */,
				B49C76861DEFEA85008B353B /* TagViewDemoTests */,
				B49C76911DEFEA85008B353B /* TagViewDemoUITests */,
				B49C766B1DEFEA84008B353B /* Products */,
			);
			sourceTree = "<group>";
		};
		B49C766B1DEFEA84008B353B /* Products */ = {
			isa = PBXGroup;
			children = (
				B49C766A1DEFEA84008B353B /* TagViewDemo.app */,
				B49C76831DEFEA85008B353B /* TagViewDemoTests.xctest */,
				B49C768E1DEFEA85008B353B /* TagViewDemoUITests.xctest */,
			);
			name = Products;
			sourceTree = "<group>";
		};
		B49C766C1DEFEA84008B353B /* TagViewDemo */ = {
			isa = PBXGroup;
			children = (
				B49C76701DEFEA84008B353B /* AppDelegate.h */,
				B49C76711DEFEA84008B353B /* AppDelegate.m */,
				B49C76A01DEFF2C0008B353B /* TagCell.h */,
				B49C76A11DEFF2C0008B353B /* TagCell.m */,
				B49C76731DEFEA84008B353B /* ViewController.h */,
				B49C76741DEFEA84008B353B /* ViewController.m */,
				B49C76761DEFEA84008B353B /* Main.storyboard */,
				B49C76791DEFEA84008B353B /* Assets.xcassets */,
				B49C767B1DEFEA84008B353B /* LaunchScreen.storyboard */,
				B49C767E1DEFEA84008B353B /* Info.plist */,
				B49C766D1DEFEA84008B353B /* Supporting Files */,
			);
			path = TagViewDemo;
			sourceTree = "<group>";
		};
		B49C766D1DEFEA84008B353B /* Supporting Files */ = {
			isa = PBXGroup;
			children = (
				B49C766E1DEFEA84008B353B /* main.m */,
			);
			name = "Supporting Files";
			sourceTree = "<group>";
		};
		B49C76861DEFEA85008B353B /* TagViewDemoTests */ = {
			isa = PBXGroup;
			children = (
				B49C76871DEFEA85008B353B /* TagViewDemoTests.m */,
				B49C76891DEFEA85008B353B /* Info.plist */,
			);
			path = TagViewDemoTests;
			sourceTree = "<group>";
		};
		B49C76911DEFEA85008B353B /* TagViewDemoUITests */ = {
			isa = PBXGroup;
			children = (
				B49C76921DEFEA85008B353B /* TagViewDemoUITests.m */,
				B49C76941DEFEA85008B353B /* Info.plist */,
			);
			path = TagViewDemoUITests;
			sourceTree = "<group>";
		};
/* End PBXGroup section */

/* Begin PBXNativeTarget section */
		B49C76691DEFEA84008B353B /* TagViewDemo */ = {
			isa = PBXNativeTarget;
			buildConfigurationList = B49C76971DEFEA85008B353B /* Build configuration list for PBXNativeTarget "TagViewDemo" */;
			buildPhases = (
				B49C76661DEFEA84008B353B /* Sources */,
				B49C76671DEFEA84008B353B /* Frameworks */,
				B49C76681DEFEA84008B353B /* Resources */,
			);
			buildRules = (
			);
			dependencies = (
			);
			name = TagViewDemo;
			productName = TagViewDemo;
			productReference = B49C766A1DEFEA84008B353B /* TagViewDemo.app */;
			productType = "com.apple.product-type.application";
		};
		B49C76821DEFEA85008B353B /* TagViewDemoTests */ = {
			isa = PBXNativeTarget;
			buildConfigurationList = B49C769A1DEFEA85008B353B /* Build configuration list for PBXNativeTarget "TagViewDemoTests" */;
			buildPhases = (
				B49C767F1DEFEA85008B353B /* Sources */,
				B49C76801DEFEA85008B353B /* Frameworks */,
				B49C76811DEFEA85008B353B /* Resources */,
			);
			buildRules = (
			);
			dependencies = (
				B49C76851DEFEA85008B353B /* PBXTargetDependency */,
			);
			name = TagViewDemoTests;
			productName = TagViewDemoTests;
			productReference = B49C76831DEFEA85008B353B /* TagViewDemoTests.xctest */;
			productType = "com.apple.product-type.bundle.unit-test";
		};
		B49C768D1DEFEA85008B353B /* TagViewDemoUITests */ = {
			isa = PBXNativeTarget;
			buildConfigurationList = B49C769D1DEFEA85008B353B /* Build configuration list for PBXNativeTarget "TagViewDemoUITests" */;
			buildPhases = (
				B49C768A1DEFEA85008B353B /* Sources */,
				B49C768B1DEFEA85008B353B /* Frameworks */,
				B49C768C1DEFEA85008B353B /* Resources */,
			);
			buildRules = (
			);
			dependencies = (
				B49C76901DEFEA85008B353B /* PBXTargetDependency */,
			);
			name = TagViewDemoUITests;
			productName = TagViewDemoUITests;
			productReference = B49C768E1DEFEA85008B353B /* TagViewDemoUITests.xctest */;
			productType = "com.apple.product-type.bundle.ui-testing";
		};
/* End PBXNativeTarget section */

/* Begin PBXProject section */
		B49C76621DEFEA84008B353B /* Project object */ = {
			isa = PBXProject;
			attributes = {
				LastUpgradeCheck = 0820;
				ORGANIZATIONNAME = Pengbo;
				TargetAttributes = {
					B49C76691DEFEA84008B353B = {
						CreatedOnToolsVersion = 8.2;
						DevelopmentTeam = RF5FKDJ4K4;
						ProvisioningStyle = Automatic;
					};
					B49C76821DEFEA85008B353B = {
						CreatedOnToolsVersion = 8.2;
						DevelopmentTeam = RF5FKDJ4K4;
						ProvisioningStyle = Automatic;
						TestTargetID = B49C76691DEFEA84008B353B;
					};
					B49C768D1DEFEA85008B353B = {
						CreatedOnToolsVersion = 8.2;
						DevelopmentTeam = RF5FKDJ4K4;
						ProvisioningStyle = Automatic;
						TestTargetID = B49C76691DEFEA84008B353B;
					};
				};
			};
			buildConfigurationList = B49C76651DEFEA84008B353B /* Build configuration list for PBXProject "TagViewDemo" */;
			compatibilityVersion = "Xcode 3.2";
			developmentRegion = English;
			hasScannedForEncodings = 0;
			knownRegions = (
				en,
				Base,
			);
			mainGroup = B49C76611DEFEA84008B353B;
			productRefGroup = B49C766B1DEFEA84008B353B /* Products */;
			projectDirPath = "";
			projectRoot = "";
			targets = (
				B49C76691DEFEA84008B353B /* TagViewDemo */,
				B49C76821DEFEA85008B353B /* TagViewDemoTests */,
				B49C768D1DEFEA85008B353B /* TagViewDemoUITests */,
			);
		};
/* End PBXProject section */

/* Begin PBXResourcesBuildPhase section */
		B49C76681DEFEA84008B353B /* Resources */ = {
			isa = PBXResourcesBuildPhase;
			buildActionMask = 2147483647;
			files = (
				B49C767D1DEFEA84008B353B /* LaunchScreen.storyboard in Resources */,
				B49C767A1DEFEA84008B353B /* Assets.xcassets in Resources */,
				B49C76781DEFEA84008B353B /* Main.storyboard in Resources */,
			);
			runOnlyForDeploymentPostprocessing = 0;
		};
		B49C76811DEFEA85008B353B /* Resources */ = {
			isa = PBXResourcesBuildPhase;
			buildActionMask = 2147483647;
			files = (
			);
			runOnlyForDeploymentPostprocessing = 0;
		};
		B49C768C1DEFEA85008B353B /* Resources */ = {
			isa = PBXResourcesBuildPhase;
			buildActionMask = 2147483647;
			files = (
			);
			runOnlyForDeploymentPostprocessing = 0;
		};
/* End PBXResourcesBuildPhase section */

/* Begin PBXSourcesBuildPhase section */
		B49C76661DEFEA84008B353B /* Sources */ = {
			isa = PBXSourcesBuildPhase;
			buildActionMask = 2147483647;
			files = (
				B49C76A21DEFF2C0008B353B /* TagCell.m in Sources */,
				B49C76751DEFEA84008B353B /* ViewController.m in Sources */,
				B49C76721DEFEA84008B353B /* AppDelegate.m in Sources */,
				B49C766F1DEFEA84008B353B /* main.m in Sources */,
			);
			runOnlyForDeploymentPostprocessing = 0;
		};
		B49C767F1DEFEA85008B353B /* Sources */ = {
			isa = PBXSourcesBuildPhase;
			buildActionMask = 2147483647;
			files = (
				B49C76881DEFEA85008B353B /* TagViewDemoTests.m in Sources */,
			);
			runOnlyForDeploymentPostprocessing = 0;
		};
		B49C768A1DEFEA85008B353B /* Sources */ = {
			isa = PBXSourcesBuildPhase;
			buildActionMask = 2147483647;
			files = (
				B49C76931DEFEA85008B353B /* TagViewDemoUITests.m in Sources */,
			);
			runOnlyForDeploymentPostprocessing = 0;
		};
/* End PBXSourcesBuildPhase section */

/* Begin PBXTargetDependency section */
		B49C76851DEFEA85008B353B /* PBXTargetDependency */ = {
			isa = PBXTargetDependency;
			target = B49C76691DEFEA84008B353B /* TagViewDemo */;
			targetProxy = B49C76841DEFEA85008B353B /* PBXContainerItemProxy */;
		};
		B49C76901DEFEA85008B353B /* PBXTargetDependency */ = {
			isa = PBXTargetDependency;
			target = B49C76691DEFEA84008B353B /* TagViewDemo */;
			targetProxy = B49C768F1DEFEA85008B353B /* PBXContainerItemProxy */;
		};
/* End PBXTargetDependency section */

/* Begin PBXVariantGroup section */
		B49C76761DEFEA84008B353B /* Main.storyboard */ = {
			isa = PBXVariantGroup;
			children = (
				B49C76771DEFEA84008B353B /* Base */,
			);
			name = Main.storyboard;
			sourceTree = "<group>";
		};
		B49C767B1DEFEA84008B353B /* LaunchScreen.storyboard */ = {
			isa = PBXVariantGroup;
			children = (
				B49C767C1DEFEA84008B353B /* Base */,
			);
			name = LaunchScreen.storyboard;
			sourceTree = "<group>";
		};
/* End PBXVariantGroup section */

/* Begin XCBuildConfiguration section */
		B49C76951DEFEA85008B353B /* Debug */ = {
			isa = XCBuildConfiguration;
			buildSettings = {
				ALWAYS_SEARCH_USER_PATHS = NO;
				CLANG_ANALYZER_NONNULL = YES;
				CLANG_CXX_LANGUAGE_STANDARD = "gnu++0x";
				CLANG_CXX_LIBRARY = "libc++";
				CLANG_ENABLE_MODULES = YES;
				CLANG_ENABLE_OBJC_ARC = YES;
				CLANG_WARN_BOOL_CONVERSION = YES;
				CLANG_WARN_CONSTANT_CONVERSION = YES;
				CLANG_WARN_DIRECT_OBJC_ISA_USAGE = YES_ERROR;
				CLANG_WARN_DOCUMENTATION_COMMENTS = YES;
				CLANG_WARN_EMPTY_BODY = YES;
				CLANG_WARN_ENUM_CONVERSION = YES;
				CLANG_WARN_INFINITE_RECURSION = YES;
				CLANG_WARN_INT_CONVERSION = YES;
				CLANG_WARN_OBJC_ROOT_CLASS = YES_ERROR;
				CLANG_WARN_SUSPICIOUS_MOVE = YES;
				CLANG_WARN_UNREACHABLE_CODE = YES;
				CLANG_WARN__DUPLICATE_METHOD_MATCH = YES;
				"CODE_SIGN_IDENTITY[sdk=iphoneos*]" = "iPhone Developer";
				COPY_PHASE_STRIP = NO;
				DEBUG_INFORMATION_FORMAT = dwarf;
				ENABLE_STRICT_OBJC_MSGSEND = YES;
				ENABLE_TESTABILITY = YES;
				GCC_C_LANGUAGE_STANDARD = gnu99;
				GCC_DYNAMIC_NO_PIC = NO;
				GCC_NO_COMMON_BLOCKS = YES;
				GCC_OPTIMIZATION_LEVEL = 0;
				GCC_PREPROCESSOR_DEFINITIONS = (
					"DEBUG=1",
					"$(inherited)",
				);
				GCC_WARN_64_TO_32_BIT_CONVERSION = YES;
				GCC_WARN_ABOUT_RETURN_TYPE = YES_ERROR;
				GCC_WARN_UNDECLARED_SELECTOR = YES;
				GCC_WARN_UNINITIALIZED_AUTOS = YES_AGGRESSIVE;
				GCC_WARN_UNUSED_FUNCTION = YES;
				GCC_WARN_UNUSED_VARIABLE = YES;
				IPHONEOS_DEPLOYMENT_TARGET = 10.2;
				MTL_ENABLE_DEBUG_INFO = YES;
				ONLY_ACTIVE_ARCH = YES;
				SDKROOT = iphoneos;
			};
			name = Debug;
		};
		B49C76961DEFEA85008B353B /* Release */ = {
			isa = XCBuildConfiguration;
			buildSettings = {
				ALWAYS_SEARCH_USER_PATHS = NO;
				CLANG_ANALYZER_NONNULL = YES;
				CLANG_CXX_LANGUAGE_STANDARD = "gnu++0x";
				CLANG_CXX_LIBRARY = "libc++";
				CLANG_ENABLE_MODULES = YES;
				CLANG_ENABLE_OBJC_ARC = YES;
				CLANG_WARN_BOOL_CONVERSION = YES;
				CLANG_WARN_CONSTANT_CONVERSION = YES;
				CLANG_WARN_DIRECT_OBJC_ISA_USAGE = YES_ERROR;
				CLANG_WARN_DOCUMENTATION_COMMENTS = YES;
				CLANG_WARN_EMPTY_BODY = YES;
				CLANG_WARN_ENUM_CONVERSION = YES;
				CLANG_WARN_INFINITE_RECURSION = YES;
				CLANG_WARN_INT_CONVERSION = YES;
				CLANG_WARN_OBJC_ROOT_CLASS = YES_ERROR;
				CLANG_WARN_SUSPICIOUS_MOVE = YES;
				CLANG_WARN_UNREACHABLE_CODE = YES;
				CLANG_WARN__DUPLICATE_METHOD_MATCH = YES;
				"CODE_SIGN_IDENTITY[sdk=iphoneos*]" = "iPhone Developer";
				COPY_PHASE_STRIP = NO;
				DEBUG_INFORMATION_FORMAT = "dwarf-with-dsym";
				ENABLE_NS_ASSERTIONS = NO;
				ENABLE_STRICT_OBJC_MSGSEND = YES;
				GCC_C_LANGUAGE_STANDARD = gnu99;
				GCC_NO_COMMON_BLOCKS = YES;
				GCC_WARN_64_TO_32_BIT_CONVERSION = YES;
				GCC_WARN_ABOUT_RETURN_TYPE = YES_ERROR;
				GCC_WARN_UNDECLARED_SELECTOR = YES;
				GCC_WARN_UNINITIALIZED_AUTOS = YES_AGGRESSIVE;
				GCC_WARN_UNUSED_FUNCTION = YES;
				GCC_WARN_UNUSED_VARIABLE = YES;
				IPHONEOS_DEPLOYMENT_TARGET = 10.2;
				MTL_ENABLE_DEBUG_INFO = NO;
				SDKROOT = iphoneos;
				VALIDATE_PRODUCT = YES;
			};
			name = Release;
		};
		B49C76981DEFEA85008B353B /* Debug */ = {
			isa = XCBuildConfiguration;
			buildSettings = {
				ASSETCATALOG_COMPILER_APPICON_NAME = AppIcon;
				DEVELOPMENT_TEAM = RF5FKDJ4K4;
				INFOPLIST_FILE = TagViewDemo/Info.plist;
				IPHONEOS_DEPLOYMENT_TARGET = 9.0;
				LD_RUNPATH_SEARCH_PATHS = "$(inherited) @executable_path/Frameworks";
				PRODUCT_BUNDLE_IDENTIFIER = "Project-Eagle.TagViewDemo";
				PRODUCT_NAME = "$(TARGET_NAME)";
			};
			name = Debug;
		};
		B49C76991DEFEA85008B353B /* Release */ = {
			isa = XCBuildConfiguration;
			buildSettings = {
				ASSETCATALOG_COMPILER_APPICON_NAME = AppIcon;
				DEVELOPMENT_TEAM = RF5FKDJ4K4;
				INFOPLIST_FILE = TagViewDemo/Info.plist;
				IPHONEOS_DEPLOYMENT_TARGET = 9.0;
				LD_RUNPATH_SEARCH_PATHS = "$(inherited) @executable_path/Frameworks";
				PRODUCT_BUNDLE_IDENTIFIER = "Project-Eagle.TagViewDemo";
				PRODUCT_NAME = "$(TARGET_NAME)";
			};
			name = Release;
		};
		B49C769B1DEFEA85008B353B /* Debug */ = {
			isa = XCBuildConfiguration;
			buildSettings = {
				BUNDLE_LOADER = "$(TEST_HOST)";
				DEVELOPMENT_TEAM = RF5FKDJ4K4;
				INFOPLIST_FILE = TagViewDemoTests/Info.plist;
				LD_RUNPATH_SEARCH_PATHS = "$(inherited) @executable_path/Frameworks @loader_path/Frameworks";
				PRODUCT_BUNDLE_IDENTIFIER = "Project-Eagle.TagViewDemoTests";
				PRODUCT_NAME = "$(TARGET_NAME)";
				TEST_HOST = "$(BUILT_PRODUCTS_DIR)/TagViewDemo.app/TagViewDemo";
			};
			name = Debug;
		};
		B49C769C1DEFEA85008B353B /* Release */ = {
			isa = XCBuildConfiguration;
			buildSettings = {
				BUNDLE_LOADER = "$(TEST_HOST)";
				DEVELOPMENT_TEAM = RF5FKDJ4K4;
				INFOPLIST_FILE = TagViewDemoTests/Info.plist;
				LD_RUNPATH_SEARCH_PATHS = "$(inherited) @executable_path/Frameworks @loader_path/Frameworks";
				PRODUCT_BUNDLE_IDENTIFIER = "Project-Eagle.TagViewDemoTests";
				PRODUCT_NAME = "$(TARGET_NAME)";
				TEST_HOST = "$(BUILT_PRODUCTS_DIR)/TagViewDemo.app/TagViewDemo";
			};
			name = Release;
		};
		B49C769E1DEFEA85008B353B /* Debug */ = {
			isa = XCBuildConfiguration;
			buildSettings = {
				DEVELOPMENT_TEAM = RF5FKDJ4K4;
				INFOPLIST_FILE = TagViewDemoUITests/Info.plist;
				LD_RUNPATH_SEARCH_PATHS = "$(inherited) @executable_path/Frameworks @loader_path/Frameworks";
				PRODUCT_BUNDLE_IDENTIFIER = "Project-Eagle.TagViewDemoUITests";
				PRODUCT_NAME = "$(TARGET_NAME)";
				TEST_TARGET_NAME = TagViewDemo;
			};
			name = Debug;
		};
		B49C769F1DEFEA85008B353B /* Release */ = {
			isa = XCBuildConfiguration;
			buildSettings = {
				DEVELOPMENT_TEAM = RF5FKDJ4K4;
				INFOPLIST_FILE = TagViewDemoUITests/Info.plist;
				LD_RUNPATH_SEARCH_PATHS = "$(inherited) @executable_path/Frameworks @loader_path/Frameworks";
				PRODUCT_BUNDLE_IDENTIFIER = "Project-Eagle.TagViewDemoUITests";
				PRODUCT_NAME = "$(TARGET_NAME)";
				TEST_TARGET_NAME = TagViewDemo;
			};
			name = Release;
		};
/* End XCBuildConfiguration section */

/* Begin XCConfigurationList section */
		B49C76651DEFEA84008B353B /* Build configuration list for PBXProject "TagViewDemo" */ = {
			isa = XCConfigurationList;
			buildConfigurations = (
				B49C76951DEFEA85008B353B /* Debug */,
				B49C76961DEFEA85008B353B /* Release */,
			);
			defaultConfigurationIsVisible = 0;
			defaultConfigurationName = Release;
		};
		B49C76971DEFEA85008B353B /* Build configuration list for PBXNativeTarget "TagViewDemo" */ = {
			isa = XCConfigurationList;
			buildConfigurations = (
				B49C76981DEFEA85008B353B /* Debug */,
				B49C76991DEFEA85008B353B /* Release */,
			);
			defaultConfigurationIsVisible = 0;
		};
		B49C769A1DEFEA85008B353B /* Build configuration list for PBXNativeTarget "TagViewDemoTests" */ = {
			isa = XCConfigurationList;
			buildConfigurations = (
				B49C769B1DEFEA85008B353B /* Debug */,
				B49C769C1DEFEA85008B353B /* Release */,
			);
			defaultConfigurationIsVisible = 0;
		};
		B49C769D1DEFEA85008B353B /* Build configuration list for PBXNativeTarget "TagViewDemoUITests" */ = {
			isa = XCConfigurationList;
			buildConfigurations = (
				B49C769E1DEFEA85008B353B /* Debug */,
				B49C769F1DEFEA85008B353B /* Release */,
			);
			defaultConfigurationIsVisible = 0;
		};
/* End XCConfigurationList section */
	};
	rootObject = B49C76621DEFEA84008B353B /* Project object */;
}
